
Microsoft Visual Studio Solution File, Format Version 12.00
# Visual Studio Version 17
VisualStudioVersion = 17.13.35919.96 d17.13
MinimumVisualStudioVersion = 10.0.40219.1
Project("{FAE04EC0-301F-11D3-BF4B-00C04F79EFBC}") = "image-and-data-api", "image-and-data-api\image-and-data-api.csproj", "{51EB1DDE-0E40-4CD5-9549-0F0A358FA8C7}"
EndProject
Global
	GlobalSection(SolutionConfigurationPlatforms) = preSolution
		Debug|Any CPU = Debug|Any CPU
		Release|Any CPU = Release|Any CPU
	EndGlobalSection
	GlobalSection(ProjectConfigurationPlatforms) = postSolution
		{51EB1DDE-0E40-4CD5-9549-0F0A358FA8C7}.Debug|Any CPU.ActiveCfg = Debug|Any CPU
		{51EB1DDE-0E40-4CD5-9549-0F0A358FA8C7}.Debug|Any CPU.Build.0 = Debug|Any CPU
		{51EB1DDE-0E40-4CD5-9549-0F0A358FA8C7}.Release|Any CPU.ActiveCfg = Release|Any CPU
		{51EB1DDE-0E40-4CD5-9549-0F0A358FA8C7}.Release|Any CPU.Build.0 = Release|Any CPU
	EndGlobalSection
	GlobalSection(SolutionProperties) = preSolution
		HideSolutionNode = FALSE
	EndGlobalSection
	GlobalSection(ExtensibilityGlobals) = postSolution
		SolutionGuid = {F909769F-2359-45E6-801B-E4D099841480}
	EndGlobalSection
EndGlobal
